
Microsoft Visual Studio Solution File, Format Version 12.00
Project("{FAE04EC0-301F-11D3-BF4B-00C04F79EFBC}") = "Tutorial5.MinimalApi", "Tutorial5.MinimalApi\Tutorial5.MinimalApi.csproj", "{62F369CB-73E0-412F-AA16-773216939569}"
EndProject
Global
	GlobalSection(SolutionConfigurationPlatforms) = preSolution
		Debug|Any CPU = Debug|Any CPU
		Release|Any CPU = Release|Any CPU
	EndGlobalSection
	GlobalSection(ProjectConfigurationPlatforms) = postSolution
		{62F369CB-73E0-412F-AA16-773216939569}.Debug|Any CPU.ActiveCfg = Debug|Any CPU
		{62F369CB-73E0-412F-AA16-773216939569}.Debug|Any CPU.Build.0 = Debug|Any CPU
		{62F369CB-73E0-412F-AA16-773216939569}.Release|Any CPU.ActiveCfg = Release|Any CPU
		{62F369CB-73E0-412F-AA16-773216939569}.Release|Any CPU.Build.0 = Release|Any CPU
	EndGlobalSection
EndGlobal
